{
  "nodes": {
    "fenix": {
      "inputs": {
        "nixpkgs": [
          "nixpkgs"
        ],
        "rust-analyzer-src": "rust-analyzer-src"
      },
      "locked": {
        "lastModified": 1767941162,
        "narHash": "sha256-7qJDycrXto4xrQWHbj5BkrRWt/hcfZtjlCstEJTyfJ8=",
        "owner": "nix-community",
        "repo": "fenix",
        "rev": "80b1a19a713e2558c411f3259fecb1edd4b5b327",
        "type": "github"
      },
      "original": {
        "owner": "nix-community",
        "repo": "fenix",
        "type": "github"
      }
    },
    "flake-utils": {
      "inputs": {
        "systems": "systems"
      },
      "locked": {
        "lastModified": 1731533236,
        "narHash": "sha256-l0KFg5HjrsfsO/JpG+r7fRrqm12kzFHyUHqHCVpMMbI=",
        "owner": "numtide",
        "repo": "flake-utils",
        "rev": "11707dc2f618dd54ca8739b309ec4fc024de578b",
        "type": "github"
      },
      "original": {
        "owner": "numtide",
        "repo": "flake-utils",
        "type": "github"
      }
    },
    "nixpkgs": {
      "locked": {
        "lastModified": 1768003234,
        "narHash": "sha256-AuNiMKikAoOTEPeJMCnRfihpgOiX2xhPJln9eAEKa6E=",
        "owner": "NixOS",
        "repo": "nixpkgs",
        "rev": "348a10c96f44af305b827876e1ce65b920ca2971",
        "type": "github"
      },
      "original": {
        "owner": "NixOS",
        "ref": "release-25.11",
        "repo": "nixpkgs",
        "type": "github"
      }
    },
    "nixpkgs-unstable": {
      "locked": {
        "lastModified": 1767966113,
        "narHash": "sha256-mSTsvXa4WveSRJexsmCbm9dY17B1fKp7NLpJxllpQw4=",
        "owner": "NixOS",
        "repo": "nixpkgs",
        "rev": "5f02c91314c8ba4afe83b256b023756412218535",
        "type": "github"
      },
      "original": {
        "owner": "NixOS",
        "ref": "nixpkgs-unstable",
        "repo": "nixpkgs",
        "type": "github"
      }
    },
    "root": {
      "inputs": {
        "fenix": "fenix",
        "flake-utils": "flake-utils",
        "nixpkgs": "nixpkgs",
        "nixpkgs-unstable": "nixpkgs-unstable"
      }
    },
    "rust-analyzer-src": {
      "flake": false,
      "locked": {
        "lastModified": 1767905519,
        "narHash": "sha256-mRU9VEhGQE9dnOU3pu1Rx3dZO4NpZO+cnC0rPMFcCqE=",
        "owner": "rust-lang",
        "repo": "rust-analyzer",
        "rev": "ff9a2e88b14907562294838f83963e5966f717de",
        "type": "github"
      },
      "original": {
        "owner": "rust-lang",
        "ref": "nightly",
        "repo": "rust-analyzer",
        "type": "github"
      }
    },
    "systems": {
      "locked": {
        "lastModified": 1681028828,
        "narHash": "sha256-Vy1rq5AaRuLzOxct8nz4T6wlgyUR7zLU309k9mBC768=",
        "owner": "nix-systems",
        "repo": "default",
        "rev": "da67096a3b9bf56a91d16901293e51ba5b49a27e",
        "type": "github"
      },
      "original": {
        "owner": "nix-systems",
        "repo": "default",
        "type": "github"
      }
    }
  },
  "root": "root",
  "version": 7
}
